
Microsoft Visual Studio Solution File, Format Version 12.00
# Visual Studio 15
VisualStudioVersion = 15.0.28307.705
MinimumVisualStudioVersion = 10.0.40219.1
Project("{FAE04EC0-301F-11D3-BF4B-00C04F79EFBC}") = "CalculatorAPP", "CalculatorAPP\CalculatorAPP.csproj", "{32BBD633-29AB-4E30-AB81-2DC752849266}"
EndProject
Global
	GlobalSection(SolutionConfigurationPlatforms) = preSolution
		Debug|Any CPU = Debug|Any CPU
		Release|Any CPU = Release|Any CPU
	EndGlobalSection
	GlobalSection(ProjectConfigurationPlatforms) = postSolution
		{32BBD633-29AB-4E30-AB81-2DC752849266}.Debug|Any CPU.ActiveCfg = Debug|Any CPU
		{32BBD633-29AB-4E30-AB81-2DC752849266}.Debug|Any CPU.Build.0 = Debug|Any CPU
		{32BBD633-29AB-4E30-AB81-2DC752849266}.Release|Any CPU.ActiveCfg = Release|Any CPU
		{32BBD633-29AB-4E30-AB81-2DC752849266}.Release|Any CPU.Build.0 = Release|Any CPU
	EndGlobalSection
	GlobalSection(SolutionProperties) = preSolution
		HideSolutionNode = FALSE
	EndGlobalSection
	GlobalSection(ExtensibilityGlobals) = postSolution
		SolutionGuid = {E0A8BBA6-61CC-44D3-B075-10618BF62F9C}
	EndGlobalSection
EndGlobal
